github.com/DataDrake/flair v0.5.1 h1:JHWOoBRiQGWg+k2bV2Mje2YmDtRjhMj51yDxQkzidWI=
github.com/DataDrake/flair v0.5.1/go.mod h1:3KgdmkL8eJDbg/HdMwlHkeYH/mpSy/hsQvxYQFp9A/Y=
github.com/DataDrake/waterlog v1.2.0 h1:T3Hs0D6YOQfz6GtViw+fYSIGpGimU41FubcxQQzaeHM=
github.com/DataDrake/waterlog v1.2.0/go.mod h1:xSKEWChL8698jwSJSyjKPIpFpj/K5n+Eif2ztYXDjJI=
github.com/charlievieth/fastwalk v1.0.1 h1:jW01w8OCFdKS9JvAcnI+JHhWU/FuIEmNb24Ri9p7OVg=
github.com/charlievieth/fastwalk v1.0.1/go.mod h1:dryXgMJyGHbMrAmmnF0/EJNBbZaihlwcNud5IuGyogU=
github.com/dominikbraun/graph v0.23.0 h1:TdZB4pPqCLFxYhdyMFb1TBdFxp8XLcJfTTBQucVPgCo=
github.com/dominikbraun/graph v0.23.0/go.mod h1:yOjYyogZLY1LSG9E33JWZJiq5k83Qy2C6POAuiViluc=
github.com/getsolus/libeopkg v0.1.1-0.20230924201845-7f2598d34467 h1:pjgeoJiERX+Pv/AVVzVUhwUw9FN1K8UmeKemESceXI4=
github.com/getsolus/libeopkg v0.1.1-0.20230924201845-7f2598d34467/go.mod h1:icOakA4j3f3NmIgRf8+ODZRA8R202hQ+2ZAGhmKEM+0=
github.com/karrick/godirwalk v1.17.0 h1:b4kY7nqDdioR/6qnbHQyDvmA17u5G1cZ6J+CZXwSWoI=
golang.org/x/exp v0.0.0-20230905200255-921286631fa9 h1:GoHiUyI/Tp2nVkLI2mCxVkOjsbSXD66ic0XW0js0R9g=
golang.org/x/exp v0.0.0-20230905200255-921286631fa9/go.mod h1:S2oDrQGGwySpoQPVqRShND87VCbxmc6bL1Yd2oYrm6k=
gopkg.in/check.v1 v0.0.0-20161208181325-20d25e280405 h1:yhCVgyC4o1eVCa2tZl7eS0r+SDo693bJlVdllGtEeKM=
gopkg.in/check.v1 v0.0.0-20161208181325-20d25e280405/go.mod h1:Co6ibVJAznAaIkqp8huTwlJQCZ016jof/cbN4VW5Yz0=
gopkg.in/yaml.v3 v3.0.1 h1:fxVm/GzAzEWqLHuvctI91KS9hhNmmWOoWu0XTYJS7CA=
gopkg.in/yaml.v3 v3.0.1/go.mod h1:K4uyk7z7BCEPqu6E+C64Yfv1cQ7kz7rIZviUmN+EgEM=
